// !$*UTF8*$!
{
	archiveVersion = 1;
	classes = {
	};
	objectVersion = 50;
	objects = {

/* Begin PBXBuildFile section */
		CA0D4B8222F559610099193C /* SkillSetsUtilsTest.swift in Sources */ = {isa = PBXBuildFile; fileRef = CA0D4B8122F559610099193C /* SkillSetsUtilsTest.swift */; };
		CA0D4B8422F58CF90099193C /* GradesUtilsTest.swift in Sources */ = {isa = PBXBuildFile; fileRef = CA0D4B8322F58CF90099193C /* GradesUtilsTest.swift */; };
		CA4CCD1522F1B07F00859D7E /* AssessmentUtilTest.swift in Sources */ = {isa = PBXBuildFile; fileRef = CA4CCD1422F1B07F00859D7E /* AssessmentUtilTest.swift */; };
		CA4CCD1722F1B2CF00859D7E /* MockValueFields.swift in Sources */ = {isa = PBXBuildFile; fileRef = CA4CCD1622F1B2CF00859D7E /* MockValueFields.swift */; };
		CA4ED8A822F41C260024897E /* InstructorUtilsTest.swift in Sources */ = {isa = PBXBuildFile; fileRef = CA4ED8A722F41C260024897E /* InstructorUtilsTest.swift */; };
		CA4ED8AA22F43AC40024897E /* StudentMicrotaskGradesUtilsTest.swift in Sources */ = {isa = PBXBuildFile; fileRef = CA4ED8A922F43AC40024897E /* StudentMicrotaskGradesUtilsTest.swift */; };
		CA4ED8AE22F466BB0024897E /* MicrotaskUtilsTest.swift in Sources */ = {isa = PBXBuildFile; fileRef = CA4ED8AD22F466BB0024897E /* MicrotaskUtilsTest.swift */; };
		CA4FC54F22F2CED3005BE45F /* StudentsUtilsTest.swift in Sources */ = {isa = PBXBuildFile; fileRef = CA4FC54E22F2CED3005BE45F /* StudentsUtilsTest.swift */; };
		CA749E7822E5B2370011D406 /* AssessmentDatabase.framework in Frameworks */ = {isa = PBXBuildFile; fileRef = CA749E6E22E5B2370011D406 /* AssessmentDatabase.framework */; };
		CA749E7D22E5B2370011D406 /* EntityUtilsMethodsTest.swift in Sources */ = {isa = PBXBuildFile; fileRef = CA749E7C22E5B2370011D406 /* EntityUtilsMethodsTest.swift */; };
		CA749E7F22E5B2370011D406 /* AssessmentDatabase.h in Headers */ = {isa = PBXBuildFile; fileRef = CA749E7122E5B2370011D406 /* AssessmentDatabase.h */; settings = {ATTRIBUTES = (Public, ); }; };
		CA749E8A22E5B24A0011D406 /* DataModel.xcdatamodeld in Sources */ = {isa = PBXBuildFile; fileRef = CA749E8822E5B24A0011D406 /* DataModel.xcdatamodeld */; };
		CA749E8C22E5B87F0011D406 /* DatabaseManager.swift in Sources */ = {isa = PBXBuildFile; fileRef = CA749E8B22E5B87F0011D406 /* DatabaseManager.swift */; };
		CA749E9622E5CC440011D406 /* RubricsUtils.swift in Sources */ = {isa = PBXBuildFile; fileRef = CA749E8E22E5CC430011D406 /* RubricsUtils.swift */; };
		CA749E9722E5CC440011D406 /* SkillSetsUtils.swift in Sources */ = {isa = PBXBuildFile; fileRef = CA749E8F22E5CC430011D406 /* SkillSetsUtils.swift */; };
		CA749E9822E5CC440011D406 /* InstructorsUtils.swift in Sources */ = {isa = PBXBuildFile; fileRef = CA749E9022E5CC430011D406 /* InstructorsUtils.swift */; };
		CA749E9922E5CC440011D406 /* MicrotasksUtils.swift in Sources */ = {isa = PBXBuildFile; fileRef = CA749E9122E5CC430011D406 /* MicrotasksUtils.swift */; };
		CA749E9A22E5CC440011D406 /* StudentMicrotaskGradesUtils.swift in Sources */ = {isa = PBXBuildFile; fileRef = CA749E9222E5CC430011D406 /* StudentMicrotaskGradesUtils.swift */; };
		CA749E9B22E5CC440011D406 /* GradesUtils.swift in Sources */ = {isa = PBXBuildFile; fileRef = CA749E9322E5CC430011D406 /* GradesUtils.swift */; };
		CA749E9C22E5CC440011D406 /* StudentsUtils.swift in Sources */ = {isa = PBXBuildFile; fileRef = CA749E9422E5CC430011D406 /* StudentsUtils.swift */; };
		CA749E9D22E5CC440011D406 /* AssessmentsUtils.swift in Sources */ = {isa = PBXBuildFile; fileRef = CA749E9522E5CC430011D406 /* AssessmentsUtils.swift */; };
		CA749E9F22E5CE2D0011D406 /* EntityUtils.swift in Sources */ = {isa = PBXBuildFile; fileRef = CA749E9E22E5CE2D0011D406 /* EntityUtils.swift */; };
		CA99B54322F18E9800A2C7BC /* Predicate.swift in Sources */ = {isa = PBXBuildFile; fileRef = CA5B70D122F18C1200EE6C95 /* Predicate.swift */; };
		CA99B54422F1947500A2C7BC /* DataModel.xcdatamodeld in Sources */ = {isa = PBXBuildFile; fileRef = CA749E8822E5B24A0011D406 /* DataModel.xcdatamodeld */; };
		CA99B54522F1947700A2C7BC /* DatabaseManager.swift in Sources */ = {isa = PBXBuildFile; fileRef = CA749E8B22E5B87F0011D406 /* DatabaseManager.swift */; };
		CA99B54622F1948C00A2C7BC /* AssessmentsUtils.swift in Sources */ = {isa = PBXBuildFile; fileRef = CA749E9522E5CC430011D406 /* AssessmentsUtils.swift */; };
		CA99B54722F1948C00A2C7BC /* GradesUtils.swift in Sources */ = {isa = PBXBuildFile; fileRef = CA749E9322E5CC430011D406 /* GradesUtils.swift */; };
		CA99B54822F1948C00A2C7BC /* InstructorsUtils.swift in Sources */ = {isa = PBXBuildFile; fileRef = CA749E9022E5CC430011D406 /* InstructorsUtils.swift */; };
		CA99B54922F1948C00A2C7BC /* MicrotasksUtils.swift in Sources */ = {isa = PBXBuildFile; fileRef = CA749E9122E5CC430011D406 /* MicrotasksUtils.swift */; };
		CA99B54A22F1948C00A2C7BC /* RubricsUtils.swift in Sources */ = {isa = PBXBuildFile; fileRef = CA749E8E22E5CC430011D406 /* RubricsUtils.swift */; };
		CA99B54B22F1948C00A2C7BC /* SkillSetsUtils.swift in Sources */ = {isa = PBXBuildFile; fileRef = CA749E8F22E5CC430011D406 /* SkillSetsUtils.swift */; };
		CA99B54C22F1948C00A2C7BC /* StudentMicrotaskGradesUtils.swift in Sources */ = {isa = PBXBuildFile; fileRef = CA749E9222E5CC430011D406 /* StudentMicrotaskGradesUtils.swift */; };
		CA99B54D22F1948C00A2C7BC /* StudentsUtils.swift in Sources */ = {isa = PBXBuildFile; fileRef = CA749E9422E5CC430011D406 /* StudentsUtils.swift */; };
		CA99B54E22F1948C00A2C7BC /* EntityUtils.swift in Sources */ = {isa = PBXBuildFile; fileRef = CA749E9E22E5CE2D0011D406 /* EntityUtils.swift */; };
		CA99B54F22F1948F00A2C7BC /* Predicate.swift in Sources */ = {isa = PBXBuildFile; fileRef = CA5B70D122F18C1200EE6C95 /* Predicate.swift */; };
		CA99B55122F1954F00A2C7BC /* MockPersistentContainer.swift in Sources */ = {isa = PBXBuildFile; fileRef = CA99B55022F1954F00A2C7BC /* MockPersistentContainer.swift */; };
		CAEDF67722F2DE4700087D60 /* EntitiesFields.swift in Sources */ = {isa = PBXBuildFile; fileRef = CAEDF67622F2DE4700087D60 /* EntitiesFields.swift */; };
		CAEDF67822F2DE6E00087D60 /* EntitiesFields.swift in Sources */ = {isa = PBXBuildFile; fileRef = CAEDF67622F2DE4700087D60 /* EntitiesFields.swift */; };
		CAEDF67A22F2E6CF00087D60 /* RubricUtilsTest.swift in Sources */ = {isa = PBXBuildFile; fileRef = CAEDF67922F2E6CF00087D60 /* RubricUtilsTest.swift */; };
		CAEDF67D22F2FD7F00087D60 /* EntityUtilsError.swift in Sources */ = {isa = PBXBuildFile; fileRef = CAEDF67C22F2FD7F00087D60 /* EntityUtilsError.swift */; };
		CAEDF67E22F2FD9700087D60 /* EntityUtilsError.swift in Sources */ = {isa = PBXBuildFile; fileRef = CAEDF67C22F2FD7F00087D60 /* EntityUtilsError.swift */; };
/* End PBXBuildFile section */

/* Begin PBXContainerItemProxy section */
		CA749E7922E5B2370011D406 /* PBXContainerItemProxy */ = {
			isa = PBXContainerItemProxy;
			containerPortal = CA749E6522E5B2370011D406 /* Project object */;
			proxyType = 1;
			remoteGlobalIDString = CA749E6D22E5B2370011D406;
			remoteInfo = AssessmentDatabase;
		};
/* End PBXContainerItemProxy section */

/* Begin PBXFileReference section */
		CA0D4B8122F559610099193C /* SkillSetsUtilsTest.swift */ = {isa = PBXFileReference; lastKnownFileType = sourcecode.swift; path = SkillSetsUtilsTest.swift; sourceTree = "<group>"; };
		CA0D4B8322F58CF90099193C /* GradesUtilsTest.swift */ = {isa = PBXFileReference; lastKnownFileType = sourcecode.swift; path = GradesUtilsTest.swift; sourceTree = "<group>"; };
		CA4CCD1422F1B07F00859D7E /* AssessmentUtilTest.swift */ = {isa = PBXFileReference; lastKnownFileType = sourcecode.swift; path = AssessmentUtilTest.swift; sourceTree = "<group>"; };
		CA4CCD1622F1B2CF00859D7E /* MockValueFields.swift */ = {isa = PBXFileReference; lastKnownFileType = sourcecode.swift; path = MockValueFields.swift; sourceTree = "<group>"; };
		CA4ED8A722F41C260024897E /* InstructorUtilsTest.swift */ = {isa = PBXFileReference; lastKnownFileType = sourcecode.swift; path = InstructorUtilsTest.swift; sourceTree = "<group>"; };
		CA4ED8A922F43AC40024897E /* StudentMicrotaskGradesUtilsTest.swift */ = {isa = PBXFileReference; lastKnownFileType = sourcecode.swift; path = StudentMicrotaskGradesUtilsTest.swift; sourceTree = "<group>"; };
		CA4ED8AD22F466BB0024897E /* MicrotaskUtilsTest.swift */ = {isa = PBXFileReference; lastKnownFileType = sourcecode.swift; path = MicrotaskUtilsTest.swift; sourceTree = "<group>"; };
		CA4FC54E22F2CED3005BE45F /* StudentsUtilsTest.swift */ = {isa = PBXFileReference; lastKnownFileType = sourcecode.swift; path = StudentsUtilsTest.swift; sourceTree = "<group>"; };
		CA5B70D122F18C1200EE6C95 /* Predicate.swift */ = {isa = PBXFileReference; lastKnownFileType = sourcecode.swift; path = Predicate.swift; sourceTree = "<group>"; };
		CA749E6E22E5B2370011D406 /* AssessmentDatabase.framework */ = {isa = PBXFileReference; explicitFileType = wrapper.framework; includeInIndex = 0; path = AssessmentDatabase.framework; sourceTree = BUILT_PRODUCTS_DIR; };
		CA749E7122E5B2370011D406 /* AssessmentDatabase.h */ = {isa = PBXFileReference; lastKnownFileType = sourcecode.c.h; path = AssessmentDatabase.h; sourceTree = "<group>"; };
		CA749E7222E5B2370011D406 /* Info.plist */ = {isa = PBXFileReference; lastKnownFileType = text.plist.xml; path = Info.plist; sourceTree = "<group>"; };
		CA749E7722E5B2370011D406 /* AssessmentDatabaseTests.xctest */ = {isa = PBXFileReference; explicitFileType = wrapper.cfbundle; includeInIndex = 0; path = AssessmentDatabaseTests.xctest; sourceTree = BUILT_PRODUCTS_DIR; };
		CA749E7C22E5B2370011D406 /* EntityUtilsMethodsTest.swift */ = {isa = PBXFileReference; lastKnownFileType = sourcecode.swift; path = EntityUtilsMethodsTest.swift; sourceTree = "<group>"; };
		CA749E7E22E5B2370011D406 /* Info.plist */ = {isa = PBXFileReference; lastKnownFileType = text.plist.xml; path = Info.plist; sourceTree = "<group>"; };
		CA749E8922E5B24A0011D406 /* DataModel.xcdatamodel */ = {isa = PBXFileReference; lastKnownFileType = wrapper.xcdatamodel; path = DataModel.xcdatamodel; sourceTree = "<group>"; };
		CA749E8B22E5B87F0011D406 /* DatabaseManager.swift */ = {isa = PBXFileReference; lastKnownFileType = sourcecode.swift; path = DatabaseManager.swift; sourceTree = "<group>"; };
		CA749E8E22E5CC430011D406 /* RubricsUtils.swift */ = {isa = PBXFileReference; fileEncoding = 4; lastKnownFileType = sourcecode.swift; path = RubricsUtils.swift; sourceTree = "<group>"; };
		CA749E8F22E5CC430011D406 /* SkillSetsUtils.swift */ = {isa = PBXFileReference; fileEncoding = 4; lastKnownFileType = sourcecode.swift; path = SkillSetsUtils.swift; sourceTree = "<group>"; };
		CA749E9022E5CC430011D406 /* InstructorsUtils.swift */ = {isa = PBXFileReference; fileEncoding = 4; lastKnownFileType = sourcecode.swift; path = InstructorsUtils.swift; sourceTree = "<group>"; };
		CA749E9122E5CC430011D406 /* MicrotasksUtils.swift */ = {isa = PBXFileReference; fileEncoding = 4; lastKnownFileType = sourcecode.swift; path = MicrotasksUtils.swift; sourceTree = "<group>"; };
		CA749E9222E5CC430011D406 /* StudentMicrotaskGradesUtils.swift */ = {isa = PBXFileReference; fileEncoding = 4; lastKnownFileType = sourcecode.swift; path = StudentMicrotaskGradesUtils.swift; sourceTree = "<group>"; };
		CA749E9322E5CC430011D406 /* GradesUtils.swift */ = {isa = PBXFileReference; fileEncoding = 4; lastKnownFileType = sourcecode.swift; path = GradesUtils.swift; sourceTree = "<group>"; };
		CA749E9422E5CC430011D406 /* StudentsUtils.swift */ = {isa = PBXFileReference; fileEncoding = 4; lastKnownFileType = sourcecode.swift; path = StudentsUtils.swift; sourceTree = "<group>"; };
		CA749E9522E5CC430011D406 /* AssessmentsUtils.swift */ = {isa = PBXFileReference; fileEncoding = 4; lastKnownFileType = sourcecode.swift; path = AssessmentsUtils.swift; sourceTree = "<group>"; };
		CA749E9E22E5CE2D0011D406 /* EntityUtils.swift */ = {isa = PBXFileReference; lastKnownFileType = sourcecode.swift; path = EntityUtils.swift; sourceTree = "<group>"; };
		CA99B55022F1954F00A2C7BC /* MockPersistentContainer.swift */ = {isa = PBXFileReference; lastKnownFileType = sourcecode.swift; path = MockPersistentContainer.swift; sourceTree = "<group>"; };
		CAEDF67622F2DE4700087D60 /* EntitiesFields.swift */ = {isa = PBXFileReference; lastKnownFileType = sourcecode.swift; path = EntitiesFields.swift; sourceTree = "<group>"; };
		CAEDF67922F2E6CF00087D60 /* RubricUtilsTest.swift */ = {isa = PBXFileReference; lastKnownFileType = sourcecode.swift; path = RubricUtilsTest.swift; sourceTree = "<group>"; };
		CAEDF67C22F2FD7F00087D60 /* EntityUtilsError.swift */ = {isa = PBXFileReference; lastKnownFileType = sourcecode.swift; path = EntityUtilsError.swift; sourceTree = "<group>"; };
/* End PBXFileReference section */

/* Begin PBXFrameworksBuildPhase section */
		CA749E6B22E5B2370011D406 /* Frameworks */ = {
			isa = PBXFrameworksBuildPhase;
			buildActionMask = 2147483647;
			files = (
			);
			runOnlyForDeploymentPostprocessing = 0;
		};
		CA749E7422E5B2370011D406 /* Frameworks */ = {
			isa = PBXFrameworksBuildPhase;
			buildActionMask = 2147483647;
			files = (
				CA749E7822E5B2370011D406 /* AssessmentDatabase.framework in Frameworks */,
			);
			runOnlyForDeploymentPostprocessing = 0;
		};
/* End PBXFrameworksBuildPhase section */

/* Begin PBXGroup section */
		CA4CCCA122F1A7AA00859D7E /* ValueObjects */ = {
			isa = PBXGroup;
			children = (
				CAEDF67622F2DE4700087D60 /* EntitiesFields.swift */,
			);
			path = ValueObjects;
			sourceTree = "<group>";
		};
		CA749E6422E5B2370011D406 = {
			isa = PBXGroup;
			children = (
				CA749E7022E5B2370011D406 /* AssessmentDatabase */,
				CA749E7B22E5B2370011D406 /* AssessmentDatabaseTests */,
				CA749E6F22E5B2370011D406 /* Products */,
			);
			sourceTree = "<group>";
		};
		CA749E6F22E5B2370011D406 /* Products */ = {
			isa = PBXGroup;
			children = (
				CA749E6E22E5B2370011D406 /* AssessmentDatabase.framework */,
				CA749E7722E5B2370011D406 /* AssessmentDatabaseTests.xctest */,
			);
			name = Products;
			sourceTree = "<group>";
		};
		CA749E7022E5B2370011D406 /* AssessmentDatabase */ = {
			isa = PBXGroup;
			children = (
				CAEDF67B22F2FD7000087D60 /* Helpers */,
				CA749E7222E5B2370011D406 /* Info.plist */,
				CA4CCCA122F1A7AA00859D7E /* ValueObjects */,
				CA5B70D122F18C1200EE6C95 /* Predicate.swift */,
				CA749E8D22E5C9210011D406 /* Utils */,
				CA99B55222F1A45A00A2C7BC /* Supporting FIles */,
				CA749E8B22E5B87F0011D406 /* DatabaseManager.swift */,
			);
			path = AssessmentDatabase;
			sourceTree = "<group>";
		};
		CA749E7B22E5B2370011D406 /* AssessmentDatabaseTests */ = {
			isa = PBXGroup;
			children = (
				CA749E7E22E5B2370011D406 /* Info.plist */,
				CA99B55022F1954F00A2C7BC /* MockPersistentContainer.swift */,
				CA4CCD1622F1B2CF00859D7E /* MockValueFields.swift */,
				CA749E7C22E5B2370011D406 /* EntityUtilsMethodsTest.swift */,
				CA4CCD1422F1B07F00859D7E /* AssessmentUtilTest.swift */,
				CA4FC54E22F2CED3005BE45F /* StudentsUtilsTest.swift */,
				CA4ED8A722F41C260024897E /* InstructorUtilsTest.swift */,
				CA4ED8A922F43AC40024897E /* StudentMicrotaskGradesUtilsTest.swift */,
				CAEDF67922F2E6CF00087D60 /* RubricUtilsTest.swift */,
				CA0D4B8122F559610099193C /* SkillSetsUtilsTest.swift */,
				CA4ED8AD22F466BB0024897E /* MicrotaskUtilsTest.swift */,
				CA0D4B8322F58CF90099193C /* GradesUtilsTest.swift */,
			);
			path = AssessmentDatabaseTests;
			sourceTree = "<group>";
		};
		CA749E8D22E5C9210011D406 /* Utils */ = {
			isa = PBXGroup;
			children = (
				CA749E9522E5CC430011D406 /* AssessmentsUtils.swift */,
				CA749E9322E5CC430011D406 /* GradesUtils.swift */,
				CA749E9022E5CC430011D406 /* InstructorsUtils.swift */,
				CA749E9122E5CC430011D406 /* MicrotasksUtils.swift */,
				CA749E8E22E5CC430011D406 /* RubricsUtils.swift */,
				CA749E8F22E5CC430011D406 /* SkillSetsUtils.swift */,
				CA749E9222E5CC430011D406 /* StudentMicrotaskGradesUtils.swift */,
				CA749E9422E5CC430011D406 /* StudentsUtils.swift */,
				CA749E9E22E5CE2D0011D406 /* EntityUtils.swift */,
			);
			path = Utils;
			sourceTree = "<group>";
		};
		CA99B55222F1A45A00A2C7BC /* Supporting FIles */ = {
			isa = PBXGroup;
			children = (
				CA749E7122E5B2370011D406 /* AssessmentDatabase.h */,
				CA749E8822E5B24A0011D406 /* DataModel.xcdatamodeld */,
			);
			path = "Supporting FIles";
			sourceTree = "<group>";
		};
		CAEDF67B22F2FD7000087D60 /* Helpers */ = {
			isa = PBXGroup;
			children = (
				CAEDF67C22F2FD7F00087D60 /* EntityUtilsError.swift */,
			);
			path = Helpers;
			sourceTree = "<group>";
		};
/* End PBXGroup section */

/* Begin PBXHeadersBuildPhase section */
		CA749E6922E5B2370011D406 /* Headers */ = {
			isa = PBXHeadersBuildPhase;
			buildActionMask = 2147483647;
			files = (
				CA749E7F22E5B2370011D406 /* AssessmentDatabase.h in Headers */,
			);
			runOnlyForDeploymentPostprocessing = 0;
		};
/* End PBXHeadersBuildPhase section */

/* Begin PBXNativeTarget section */
		CA749E6D22E5B2370011D406 /* AssessmentDatabase */ = {
			isa = PBXNativeTarget;
			buildConfigurationList = CA749E8222E5B2370011D406 /* Build configuration list for PBXNativeTarget "AssessmentDatabase" */;
			buildPhases = (
				CA749E6922E5B2370011D406 /* Headers */,
				CA749E6A22E5B2370011D406 /* Sources */,
				CA749E6B22E5B2370011D406 /* Frameworks */,
				CA749E6C22E5B2370011D406 /* Resources */,
			);
			buildRules = (
			);
			dependencies = (
			);
			name = AssessmentDatabase;
			productName = AssessmentDatabase;
			productReference = CA749E6E22E5B2370011D406 /* AssessmentDatabase.framework */;
			productType = "com.apple.product-type.framework";
		};
		CA749E7622E5B2370011D406 /* AssessmentDatabaseTests */ = {
			isa = PBXNativeTarget;
			buildConfigurationList = CA749E8522E5B2370011D406 /* Build configuration list for PBXNativeTarget "AssessmentDatabaseTests" */;
			buildPhases = (
				CA749E7322E5B2370011D406 /* Sources */,
				CA749E7422E5B2370011D406 /* Frameworks */,
				CA749E7522E5B2370011D406 /* Resources */,
			);
			buildRules = (
			);
			dependencies = (
				CA749E7A22E5B2370011D406 /* PBXTargetDependency */,
			);
			name = AssessmentDatabaseTests;
			productName = AssessmentDatabaseTests;
			productReference = CA749E7722E5B2370011D406 /* AssessmentDatabaseTests.xctest */;
			productType = "com.apple.product-type.bundle.unit-test";
		};
/* End PBXNativeTarget section */

/* Begin PBXProject section */
		CA749E6522E5B2370011D406 /* Project object */ = {
			isa = PBXProject;
			attributes = {
				LastSwiftUpdateCheck = 1020;
				LastUpgradeCheck = 1020;
				ORGANIZATIONNAME = Bytepace;
				TargetAttributes = {
					CA749E6D22E5B2370011D406 = {
						CreatedOnToolsVersion = 10.2;
						LastSwiftMigration = 1020;
					};
					CA749E7622E5B2370011D406 = {
						CreatedOnToolsVersion = 10.2;
					};
				};
			};
			buildConfigurationList = CA749E6822E5B2370011D406 /* Build configuration list for PBXProject "AssessmentDatabase" */;
			compatibilityVersion = "Xcode 9.3";
			developmentRegion = en;
			hasScannedForEncodings = 0;
			knownRegions = (
				en,
			);
			mainGroup = CA749E6422E5B2370011D406;
			productRefGroup = CA749E6F22E5B2370011D406 /* Products */;
			projectDirPath = "";
			projectRoot = "";
			targets = (
				CA749E6D22E5B2370011D406 /* AssessmentDatabase */,
				CA749E7622E5B2370011D406 /* AssessmentDatabaseTests */,
			);
		};
/* End PBXProject section */

/* Begin PBXResourcesBuildPhase section */
		CA749E6C22E5B2370011D406 /* Resources */ = {
			isa = PBXResourcesBuildPhase;
			buildActionMask = 2147483647;
			files = (
			);
			runOnlyForDeploymentPostprocessing = 0;
		};
		CA749E7522E5B2370011D406 /* Resources */ = {
			isa = PBXResourcesBuildPhase;
			buildActionMask = 2147483647;
			files = (
			);
			runOnlyForDeploymentPostprocessing = 0;
		};
/* End PBXResourcesBuildPhase section */

/* Begin PBXSourcesBuildPhase section */
		CA749E6A22E5B2370011D406 /* Sources */ = {
			isa = PBXSourcesBuildPhase;
			buildActionMask = 2147483647;
			files = (
				CA749E9622E5CC440011D406 /* RubricsUtils.swift in Sources */,
				CA749E9C22E5CC440011D406 /* StudentsUtils.swift in Sources */,
				CA749E9922E5CC440011D406 /* MicrotasksUtils.swift in Sources */,
				CA749E9D22E5CC440011D406 /* AssessmentsUtils.swift in Sources */,
				CA749E9822E5CC440011D406 /* InstructorsUtils.swift in Sources */,
				CA749E9B22E5CC440011D406 /* GradesUtils.swift in Sources */,
				CA749E9F22E5CE2D0011D406 /* EntityUtils.swift in Sources */,
				CA99B54322F18E9800A2C7BC /* Predicate.swift in Sources */,
				CA749E9A22E5CC440011D406 /* StudentMicrotaskGradesUtils.swift in Sources */,
				CA749E8C22E5B87F0011D406 /* DatabaseManager.swift in Sources */,
				CA749E9722E5CC440011D406 /* SkillSetsUtils.swift in Sources */,
				CAEDF67D22F2FD7F00087D60 /* EntityUtilsError.swift in Sources */,
				CAEDF67722F2DE4700087D60 /* EntitiesFields.swift in Sources */,
				CA749E8A22E5B24A0011D406 /* DataModel.xcdatamodeld in Sources */,
			);
			runOnlyForDeploymentPostprocessing = 0;
		};
		CA749E7322E5B2370011D406 /* Sources */ = {
			isa = PBXSourcesBuildPhase;
			buildActionMask = 2147483647;
			files = (
				CA99B55122F1954F00A2C7BC /* MockPersistentContainer.swift in Sources */,
				CA0D4B8222F559610099193C /* SkillSetsUtilsTest.swift in Sources */,
				CAEDF67822F2DE6E00087D60 /* EntitiesFields.swift in Sources */,
				CA99B54B22F1948C00A2C7BC /* SkillSetsUtils.swift in Sources */,
				CAEDF67E22F2FD9700087D60 /* EntityUtilsError.swift in Sources */,
				CAEDF67A22F2E6CF00087D60 /* RubricUtilsTest.swift in Sources */,
				CA99B54F22F1948F00A2C7BC /* Predicate.swift in Sources */,
				CA4ED8AE22F466BB0024897E /* MicrotaskUtilsTest.swift in Sources */,
				CA99B54A22F1948C00A2C7BC /* RubricsUtils.swift in Sources */,
				CA99B54D22F1948C00A2C7BC /* StudentsUtils.swift in Sources */,
				CA4FC54F22F2CED3005BE45F /* StudentsUtilsTest.swift in Sources */,
				CA749E7D22E5B2370011D406 /* EntityUtilsMethodsTest.swift in Sources */,
				CA99B54422F1947500A2C7BC /* DataModel.xcdatamodeld in Sources */,
				CA99B54522F1947700A2C7BC /* DatabaseManager.swift in Sources */,
				CA99B54E22F1948C00A2C7BC /* EntityUtils.swift in Sources */,
				CA99B54722F1948C00A2C7BC /* GradesUtils.swift in Sources */,
				CA4ED8A822F41C260024897E /* InstructorUtilsTest.swift in Sources */,
				CA0D4B8422F58CF90099193C /* GradesUtilsTest.swift in Sources */,
				CA99B54922F1948C00A2C7BC /* MicrotasksUtils.swift in Sources */,
				CA4CCD1522F1B07F00859D7E /* AssessmentUtilTest.swift in Sources */,
				CA4ED8AA22F43AC40024897E /* StudentMicrotaskGradesUtilsTest.swift in Sources */,
				CA99B54822F1948C00A2C7BC /* InstructorsUtils.swift in Sources */,
				CA99B54622F1948C00A2C7BC /* AssessmentsUtils.swift in Sources */,
				CA4CCD1722F1B2CF00859D7E /* MockValueFields.swift in Sources */,
				CA99B54C22F1948C00A2C7BC /* StudentMicrotaskGradesUtils.swift in Sources */,
			);
			runOnlyForDeploymentPostprocessing = 0;
		};
/* End PBXSourcesBuildPhase section */

/* Begin PBXTargetDependency section */
		CA749E7A22E5B2370011D406 /* PBXTargetDependency */ = {
			isa = PBXTargetDependency;
			target = CA749E6D22E5B2370011D406 /* AssessmentDatabase */;
			targetProxy = CA749E7922E5B2370011D406 /* PBXContainerItemProxy */;
		};
/* End PBXTargetDependency section */

/* Begin XCBuildConfiguration section */
		CA749E8022E5B2370011D406 /* Debug */ = {
			isa = XCBuildConfiguration;
			buildSettings = {
				ALWAYS_SEARCH_USER_PATHS = NO;
				CLANG_ANALYZER_NONNULL = YES;
				CLANG_ANALYZER_NUMBER_OBJECT_CONVERSION = YES_AGGRESSIVE;
				CLANG_CXX_LANGUAGE_STANDARD = "gnu++14";
				CLANG_CXX_LIBRARY = "libc++";
				CLANG_ENABLE_MODULES = YES;
				CLANG_ENABLE_OBJC_ARC = YES;
				CLANG_ENABLE_OBJC_WEAK = YES;
				CLANG_WARN_BLOCK_CAPTURE_AUTORELEASING = YES;
				CLANG_WARN_BOOL_CONVERSION = YES;
				CLANG_WARN_COMMA = YES;
				CLANG_WARN_CONSTANT_CONVERSION = YES;
				CLANG_WARN_DEPRECATED_OBJC_IMPLEMENTATIONS = YES;
				CLANG_WARN_DIRECT_OBJC_ISA_USAGE = YES_ERROR;
				CLANG_WARN_DOCUMENTATION_COMMENTS = YES;
				CLANG_WARN_EMPTY_BODY = YES;
				CLANG_WARN_ENUM_CONVERSION = YES;
				CLANG_WARN_INFINITE_RECURSION = YES;
				CLANG_WARN_INT_CONVERSION = YES;
				CLANG_WARN_NON_LITERAL_NULL_CONVERSION = YES;
				CLANG_WARN_OBJC_IMPLICIT_RETAIN_SELF = YES;
				CLANG_WARN_OBJC_LITERAL_CONVERSION = YES;
				CLANG_WARN_OBJC_ROOT_CLASS = YES_ERROR;
				CLANG_WARN_RANGE_LOOP_ANALYSIS = YES;
				CLANG_WARN_STRICT_PROTOTYPES = YES;
				CLANG_WARN_SUSPICIOUS_MOVE = YES;
				CLANG_WARN_UNGUARDED_AVAILABILITY = YES_AGGRESSIVE;
				CLANG_WARN_UNREACHABLE_CODE = YES;
				CLANG_WARN__DUPLICATE_METHOD_MATCH = YES;
				CODE_SIGN_IDENTITY = "iPhone Developer";
				COPY_PHASE_STRIP = NO;
				CURRENT_PROJECT_VERSION = 1;
				DEBUG_INFORMATION_FORMAT = dwarf;
				ENABLE_STRICT_OBJC_MSGSEND = YES;
				ENABLE_TESTABILITY = YES;
				GCC_C_LANGUAGE_STANDARD = gnu11;
				GCC_DYNAMIC_NO_PIC = NO;
				GCC_NO_COMMON_BLOCKS = YES;
				GCC_OPTIMIZATION_LEVEL = 0;
				GCC_PREPROCESSOR_DEFINITIONS = (
					"DEBUG=1",
					"$(inherited)",
				);
				GCC_WARN_64_TO_32_BIT_CONVERSION = YES;
				GCC_WARN_ABOUT_RETURN_TYPE = YES_ERROR;
				GCC_WARN_UNDECLARED_SELECTOR = YES;
				GCC_WARN_UNINITIALIZED_AUTOS = YES_AGGRESSIVE;
				GCC_WARN_UNUSED_FUNCTION = YES;
				GCC_WARN_UNUSED_VARIABLE = YES;
				IPHONEOS_DEPLOYMENT_TARGET = 12.2;
				MTL_ENABLE_DEBUG_INFO = INCLUDE_SOURCE;
				MTL_FAST_MATH = YES;
				ONLY_ACTIVE_ARCH = YES;
				SDKROOT = iphoneos;
				SWIFT_ACTIVE_COMPILATION_CONDITIONS = DEBUG;
				SWIFT_OPTIMIZATION_LEVEL = "-Onone";
				VERSIONING_SYSTEM = "apple-generic";
				VERSION_INFO_PREFIX = "";
			};
			name = Debug;
		};
		CA749E8122E5B2370011D406 /* Release */ = {
			isa = XCBuildConfiguration;
			buildSettings = {
				ALWAYS_SEARCH_USER_PATHS = NO;
				CLANG_ANALYZER_NONNULL = YES;
				CLANG_ANALYZER_NUMBER_OBJECT_CONVERSION = YES_AGGRESSIVE;
				CLANG_CXX_LANGUAGE_STANDARD = "gnu++14";
				CLANG_CXX_LIBRARY = "libc++";
				CLANG_ENABLE_MODULES = YES;
				CLANG_ENABLE_OBJC_ARC = YES;
				CLANG_ENABLE_OBJC_WEAK = YES;
				CLANG_WARN_BLOCK_CAPTURE_AUTORELEASING = YES;
				CLANG_WARN_BOOL_CONVERSION = YES;
				CLANG_WARN_COMMA = YES;
				CLANG_WARN_CONSTANT_CONVERSION = YES;
				CLANG_WARN_DEPRECATED_OBJC_IMPLEMENTATIONS = YES;
				CLANG_WARN_DIRECT_OBJC_ISA_USAGE = YES_ERROR;
				CLANG_WARN_DOCUMENTATION_COMMENTS = YES;
				CLANG_WARN_EMPTY_BODY = YES;
				CLANG_WARN_ENUM_CONVERSION = YES;
				CLANG_WARN_INFINITE_RECURSION = YES;
				CLANG_WARN_INT_CONVERSION = YES;
				CLANG_WARN_NON_LITERAL_NULL_CONVERSION = YES;
				CLANG_WARN_OBJC_IMPLICIT_RETAIN_SELF = YES;
				CLANG_WARN_OBJC_LITERAL_CONVERSION = YES;
				CLANG_WARN_OBJC_ROOT_CLASS = YES_ERROR;
				CLANG_WARN_RANGE_LOOP_ANALYSIS = YES;
				CLANG_WARN_STRICT_PROTOTYPES = YES;
				CLANG_WARN_SUSPICIOUS_MOVE = YES;
				CLANG_WARN_UNGUARDED_AVAILABILITY = YES_AGGRESSIVE;
				CLANG_WARN_UNREACHABLE_CODE = YES;
				CLANG_WARN__DUPLICATE_METHOD_MATCH = YES;
				CODE_SIGN_IDENTITY = "iPhone Developer";
				COPY_PHASE_STRIP = NO;
				CURRENT_PROJECT_VERSION = 1;
				DEBUG_INFORMATION_FORMAT = "dwarf-with-dsym";
				ENABLE_NS_ASSERTIONS = NO;
				ENABLE_STRICT_OBJC_MSGSEND = YES;
				GCC_C_LANGUAGE_STANDARD = gnu11;
				GCC_NO_COMMON_BLOCKS = YES;
				GCC_WARN_64_TO_32_BIT_CONVERSION = YES;
				GCC_WARN_ABOUT_RETURN_TYPE = YES_ERROR;
				GCC_WARN_UNDECLARED_SELECTOR = YES;
				GCC_WARN_UNINITIALIZED_AUTOS = YES_AGGRESSIVE;
				GCC_WARN_UNUSED_FUNCTION = YES;
				GCC_WARN_UNUSED_VARIABLE = YES;
				IPHONEOS_DEPLOYMENT_TARGET = 12.2;
				MTL_ENABLE_DEBUG_INFO = NO;
				MTL_FAST_MATH = YES;
				SDKROOT = iphoneos;
				SWIFT_COMPILATION_MODE = wholemodule;
				SWIFT_OPTIMIZATION_LEVEL = "-O";
				VALIDATE_PRODUCT = YES;
				VERSIONING_SYSTEM = "apple-generic";
				VERSION_INFO_PREFIX = "";
			};
			name = Release;
		};
		CA749E8322E5B2370011D406 /* Debug */ = {
			isa = XCBuildConfiguration;
			buildSettings = {
				CLANG_ENABLE_MODULES = YES;
				CODE_SIGN_IDENTITY = "iPhone Developer";
				CODE_SIGN_STYLE = Automatic;
				DEFINES_MODULE = YES;
				DEVELOPMENT_TEAM = 8J36HRS7L3;
				DYLIB_COMPATIBILITY_VERSION = 1;
				DYLIB_CURRENT_VERSION = 1;
				DYLIB_INSTALL_NAME_BASE = "@rpath";
				INFOPLIST_FILE = AssessmentDatabase/Info.plist;
				INSTALL_PATH = "$(LOCAL_LIBRARY_DIR)/Frameworks";
				LD_RUNPATH_SEARCH_PATHS = (
					"$(inherited)",
					"@executable_path/Frameworks",
					"@loader_path/Frameworks",
				);
				PRODUCT_BUNDLE_IDENTIFIER = com.bytepace.AssessmentDatabase;
				PRODUCT_NAME = "$(TARGET_NAME:c99extidentifier)";
				SKIP_INSTALL = YES;
				SWIFT_OPTIMIZATION_LEVEL = "-Onone";
				SWIFT_VERSION = 5.0;
				TARGETED_DEVICE_FAMILY = "1,2";
			};
			name = Debug;
		};
		CA749E8422E5B2370011D406 /* Release */ = {
			isa = XCBuildConfiguration;
			buildSettings = {
				CLANG_ENABLE_MODULES = YES;
				CODE_SIGN_IDENTITY = "";
				CODE_SIGN_STYLE = Automatic;
				DEFINES_MODULE = YES;
				DEVELOPMENT_TEAM = 8J36HRS7L3;
				DYLIB_COMPATIBILITY_VERSION = 1;
				DYLIB_CURRENT_VERSION = 1;
				DYLIB_INSTALL_NAME_BASE = "@rpath";
				INFOPLIST_FILE = AssessmentDatabase/Info.plist;
				INSTALL_PATH = "$(LOCAL_LIBRARY_DIR)/Frameworks";
				LD_RUNPATH_SEARCH_PATHS = (
					"$(inherited)",
					"@executable_path/Frameworks",
					"@loader_path/Frameworks",
				);
				PRODUCT_BUNDLE_IDENTIFIER = com.bytepace.AssessmentDatabase;
				PRODUCT_NAME = "$(TARGET_NAME:c99extidentifier)";
				SKIP_INSTALL = YES;
				SWIFT_VERSION = 5.0;
				TARGETED_DEVICE_FAMILY = "1,2";
			};
			name = Release;
		};
		CA749E8622E5B2370011D406 /* Debug */ = {
			isa = XCBuildConfiguration;
			buildSettings = {
				ALWAYS_EMBED_SWIFT_STANDARD_LIBRARIES = YES;
				CODE_SIGN_STYLE = Automatic;
				DEVELOPMENT_TEAM = 8J36HRS7L3;
				INFOPLIST_FILE = AssessmentDatabaseTests/Info.plist;
				LD_RUNPATH_SEARCH_PATHS = (
					"$(inherited)",
					"@executable_path/Frameworks",
					"@loader_path/Frameworks",
				);
				PRODUCT_BUNDLE_IDENTIFIER = com.bytepace.AssessmentDatabaseTests;
				PRODUCT_NAME = "$(TARGET_NAME)";
				SWIFT_VERSION = 5.0;
				TARGETED_DEVICE_FAMILY = "1,2";
			};
			name = Debug;
		};
		CA749E8722E5B2370011D406 /* Release */ = {
			isa = XCBuildConfiguration;
			buildSettings = {
				ALWAYS_EMBED_SWIFT_STANDARD_LIBRARIES = YES;
				CODE_SIGN_STYLE = Automatic;
				DEVELOPMENT_TEAM = 8J36HRS7L3;
				INFOPLIST_FILE = AssessmentDatabaseTests/Info.plist;
				LD_RUNPATH_SEARCH_PATHS = (
					"$(inherited)",
					"@executable_path/Frameworks",
					"@loader_path/Frameworks",
				);
				PRODUCT_BUNDLE_IDENTIFIER = com.bytepace.AssessmentDatabaseTests;
				PRODUCT_NAME = "$(TARGET_NAME)";
				SWIFT_VERSION = 5.0;
				TARGETED_DEVICE_FAMILY = "1,2";
			};
			name = Release;
		};
/* End XCBuildConfiguration section */

/* Begin XCConfigurationList section */
		CA749E6822E5B2370011D406 /* Build configuration list for PBXProject "AssessmentDatabase" */ = {
			isa = XCConfigurationList;
			buildConfigurations = (
				CA749E8022E5B2370011D406 /* Debug */,
				CA749E8122E5B2370011D406 /* Release */,
			);
			defaultConfigurationIsVisible = 0;
			defaultConfigurationName = Release;
		};
		CA749E8222E5B2370011D406 /* Build configuration list for PBXNativeTarget "AssessmentDatabase" */ = {
			isa = XCConfigurationList;
			buildConfigurations = (
				CA749E8322E5B2370011D406 /* Debug */,
				CA749E8422E5B2370011D406 /* Release */,
			);
			defaultConfigurationIsVisible = 0;
			defaultConfigurationName = Release;
		};
		CA749E8522E5B2370011D406 /* Build configuration list for PBXNativeTarget "AssessmentDatabaseTests" */ = {
			isa = XCConfigurationList;
			buildConfigurations = (
				CA749E8622E5B2370011D406 /* Debug */,
				CA749E8722E5B2370011D406 /* Release */,
			);
			defaultConfigurationIsVisible = 0;
			defaultConfigurationName = Release;
		};
/* End XCConfigurationList section */

/* Begin XCVersionGroup section */
		CA749E8822E5B24A0011D406 /* DataModel.xcdatamodeld */ = {
			isa = XCVersionGroup;
			children = (
				CA749E8922E5B24A0011D406 /* DataModel.xcdatamodel */,
			);
			currentVersion = CA749E8922E5B24A0011D406 /* DataModel.xcdatamodel */;
			path = DataModel.xcdatamodeld;
			sourceTree = "<group>";
			versionGroupType = wrapper.xcdatamodel;
		};
/* End XCVersionGroup section */
	};
	rootObject = CA749E6522E5B2370011D406 /* Project object */;
}
